
Microsoft Visual Studio Solution File, Format Version 12.00
# Visual Studio Version 17
VisualStudioVersion = 17.0.31808.319
MinimumVisualStudioVersion = 10.0.40219.1
Project("{2150E333-8FDC-42A3-9474-1A3956D46DE8}") = "Api", "Api", "{6AF88798-98A6-4B84-8FA3-DE27D42A991E}"
EndProject
Project("{2150E333-8FDC-42A3-9474-1A3956D46DE8}") = "Mvc", "Mvc", "{511BCFF2-D55D-4A47-9478-A2600FA74045}"
EndProject
Project("{2150E333-8FDC-42A3-9474-1A3956D46DE8}") = "Tests", "Tests", "{7E2A8DFF-3847-41A7-BED0-31EAB57497D9}"
EndProject
Project("{2150E333-8FDC-42A3-9474-1A3956D46DE8}") = "Api", "Api", "{3E143B18-1F58-4AE0-BE9E-80451C1DBDEE}"
EndProject
Project("{2150E333-8FDC-42A3-9474-1A3956D46DE8}") = "Mvc", "Mvc", "{9E286581-08F5-40D9-A0F8-7D299319D505}"
EndProject
Project("{2150E333-8FDC-42A3-9474-1A3956D46DE8}") = "Shared", "Shared", "{21630A75-106F-44D4-9815-E1FC84BF6F42}"
EndProject
Project("{9A19103F-16F7-4668-BE54-9A1E7A4F7556}") = "BeboerWeb.Api", "BeboerWeb.Api\BeboerWeb.Api.csproj", "{C9DD7B59-9E4B-434D-956E-D1EED8BCBC9D}"
EndProject
Project("{9A19103F-16F7-4668-BE54-9A1E7A4F7556}") = "BeboerWeb.Mvc", "BeboerWeb.Mvc\BeboerWeb.Mvc.csproj", "{B287BCBD-AE30-474B-B2FC-20625739A4D5}"
EndProject
Project("{2150E333-8FDC-42A3-9474-1A3956D46DE8}") = "Solution Items", "Solution Items", "{8A338EFC-C51C-477A-9A99-680A7B6D412E}"
	ProjectSection(SolutionItems) = preProject
		.editorconfig = .editorconfig
	EndProjectSection
EndProject
Project("{9A19103F-16F7-4668-BE54-9A1E7A4F7556}") = "BeboerWeb.Api.Application", "BeboerWeb.Api.Application\BeboerWeb.Api.Application.csproj", "{C08F1FAB-65B0-430B-9BE9-192B7027155D}"
EndProject
Project("{9A19103F-16F7-4668-BE54-9A1E7A4F7556}") = "BeboerWeb.Api.Domain", "BeboerWeb.Api.Domain\BeboerWeb.Api.Domain.csproj", "{36122F82-CEC5-4AE2-A030-926F89714B0A}"
EndProject
Project("{9A19103F-16F7-4668-BE54-9A1E7A4F7556}") = "BeboerWeb.Api.Persistence", "BeboerWeb.Api.Persistence\BeboerWeb.Api.Persistence.csproj", "{E97096F9-17E3-40E5-811D-0EBE715D0CB7}"
EndProject
Project("{9A19103F-16F7-4668-BE54-9A1E7A4F7556}") = "BeboerWeb.Tests.Api", "BeboerWeb.Tests.Api\BeboerWeb.Tests.Api.csproj", "{D743BF21-9F29-425E-8D4E-C4F3FA69D704}"
EndProject
Project("{9A19103F-16F7-4668-BE54-9A1E7A4F7556}") = "BeboerWeb.Tests.Api.Application", "BeboerWeb.Tests.Api.Application\BeboerWeb.Tests.Api.Application.csproj", "{226F1CEA-13E9-4865-AB5C-773E10287C73}"
EndProject
Project("{9A19103F-16F7-4668-BE54-9A1E7A4F7556}") = "BeboerWeb.Tests.Api.Domain", "BeboerWeb.Tests.Api.Domain\BeboerWeb.Tests.Api.Domain.csproj", "{33F49231-8A55-4137-90C1-E6012FF1E945}"
EndProject
Project("{9A19103F-16F7-4668-BE54-9A1E7A4F7556}") = "BeboerWeb.Tests.Mvc", "BeboerWeb.Tests.Mvc\BeboerWeb.Tests.Mvc.csproj", "{6FA289A7-089F-4EE0-8833-25DFAB12CEBF}"
EndProject
Project("{E53339B2-1760-4266-BCC7-CA923CBCF16C}") = "docker-compose", "docker-compose.dcproj", "{46272157-F4B5-4C13-9C03-7309A8915A1E}"
EndProject
Project("{9A19103F-16F7-4668-BE54-9A1E7A4F7556}") = "BeboerWeb.Shared.Persistence", "BeboerWeb.Shared.Persistence\BeboerWeb.Shared.Persistence.csproj", "{DAEBBF86-8704-4EE1-8B27-6A26B1CCFB13}"
EndProject
Project("{9A19103F-16F7-4668-BE54-9A1E7A4F7556}") = "BeboerWeb.Mvc.Persistence", "..\BeboerWeb.Mvc.Persistence\BeboerWeb.Mvc.Persistence.csproj", "{ACA71539-1D2F-4DC3-81BD-67FB107C0C62}"
EndProject
Global
	GlobalSection(SolutionConfigurationPlatforms) = preSolution
		Debug|Any CPU = Debug|Any CPU
		Release|Any CPU = Release|Any CPU
	EndGlobalSection
	GlobalSection(ProjectConfigurationPlatforms) = postSolution
		{C9DD7B59-9E4B-434D-956E-D1EED8BCBC9D}.Debug|Any CPU.ActiveCfg = Debug|Any CPU
		{C9DD7B59-9E4B-434D-956E-D1EED8BCBC9D}.Debug|Any CPU.Build.0 = Debug|Any CPU
		{C9DD7B59-9E4B-434D-956E-D1EED8BCBC9D}.Release|Any CPU.ActiveCfg = Release|Any CPU
		{C9DD7B59-9E4B-434D-956E-D1EED8BCBC9D}.Release|Any CPU.Build.0 = Release|Any CPU
		{B287BCBD-AE30-474B-B2FC-20625739A4D5}.Debug|Any CPU.ActiveCfg = Debug|Any CPU
		{B287BCBD-AE30-474B-B2FC-20625739A4D5}.Debug|Any CPU.Build.0 = Debug|Any CPU
		{B287BCBD-AE30-474B-B2FC-20625739A4D5}.Release|Any CPU.ActiveCfg = Release|Any CPU
		{B287BCBD-AE30-474B-B2FC-20625739A4D5}.Release|Any CPU.Build.0 = Release|Any CPU
		{C08F1FAB-65B0-430B-9BE9-192B7027155D}.Debug|Any CPU.ActiveCfg = Debug|Any CPU
		{C08F1FAB-65B0-430B-9BE9-192B7027155D}.Debug|Any CPU.Build.0 = Debug|Any CPU
		{C08F1FAB-65B0-430B-9BE9-192B7027155D}.Release|Any CPU.ActiveCfg = Release|Any CPU
		{C08F1FAB-65B0-430B-9BE9-192B7027155D}.Release|Any CPU.Build.0 = Release|Any CPU
		{36122F82-CEC5-4AE2-A030-926F89714B0A}.Debug|Any CPU.ActiveCfg = Debug|Any CPU
		{36122F82-CEC5-4AE2-A030-926F89714B0A}.Debug|Any CPU.Build.0 = Debug|Any CPU
		{36122F82-CEC5-4AE2-A030-926F89714B0A}.Release|Any CPU.ActiveCfg = Release|Any CPU
		{36122F82-CEC5-4AE2-A030-926F89714B0A}.Release|Any CPU.Build.0 = Release|Any CPU
		{E97096F9-17E3-40E5-811D-0EBE715D0CB7}.Debug|Any CPU.ActiveCfg = Debug|Any CPU
		{E97096F9-17E3-40E5-811D-0EBE715D0CB7}.Debug|Any CPU.Build.0 = Debug|Any CPU
		{E97096F9-17E3-40E5-811D-0EBE715D0CB7}.Release|Any CPU.ActiveCfg = Release|Any CPU
		{E97096F9-17E3-40E5-811D-0EBE715D0CB7}.Release|Any CPU.Build.0 = Release|Any CPU
		{D743BF21-9F29-425E-8D4E-C4F3FA69D704}.Debug|Any CPU.ActiveCfg = Debug|Any CPU
		{D743BF21-9F29-425E-8D4E-C4F3FA69D704}.Debug|Any CPU.Build.0 = Debug|Any CPU
		{D743BF21-9F29-425E-8D4E-C4F3FA69D704}.Release|Any CPU.ActiveCfg = Release|Any CPU
		{D743BF21-9F29-425E-8D4E-C4F3FA69D704}.Release|Any CPU.Build.0 = Release|Any CPU
		{226F1CEA-13E9-4865-AB5C-773E10287C73}.Debug|Any CPU.ActiveCfg = Debug|Any CPU
		{226F1CEA-13E9-4865-AB5C-773E10287C73}.Debug|Any CPU.Build.0 = Debug|Any CPU
		{226F1CEA-13E9-4865-AB5C-773E10287C73}.Release|Any CPU.ActiveCfg = Release|Any CPU
		{226F1CEA-13E9-4865-AB5C-773E10287C73}.Release|Any CPU.Build.0 = Release|Any CPU
		{33F49231-8A55-4137-90C1-E6012FF1E945}.Debug|Any CPU.ActiveCfg = Debug|Any CPU
		{33F49231-8A55-4137-90C1-E6012FF1E945}.Debug|Any CPU.Build.0 = Debug|Any CPU
		{33F49231-8A55-4137-90C1-E6012FF1E945}.Release|Any CPU.ActiveCfg = Release|Any CPU
		{33F49231-8A55-4137-90C1-E6012FF1E945}.Release|Any CPU.Build.0 = Release|Any CPU
		{6FA289A7-089F-4EE0-8833-25DFAB12CEBF}.Debug|Any CPU.ActiveCfg = Debug|Any CPU
		{6FA289A7-089F-4EE0-8833-25DFAB12CEBF}.Debug|Any CPU.Build.0 = Debug|Any CPU
		{6FA289A7-089F-4EE0-8833-25DFAB12CEBF}.Release|Any CPU.ActiveCfg = Release|Any CPU
		{6FA289A7-089F-4EE0-8833-25DFAB12CEBF}.Release|Any CPU.Build.0 = Release|Any CPU
		{46272157-F4B5-4C13-9C03-7309A8915A1E}.Debug|Any CPU.ActiveCfg = Debug|Any CPU
		{46272157-F4B5-4C13-9C03-7309A8915A1E}.Debug|Any CPU.Build.0 = Debug|Any CPU
		{46272157-F4B5-4C13-9C03-7309A8915A1E}.Release|Any CPU.ActiveCfg = Release|Any CPU
		{46272157-F4B5-4C13-9C03-7309A8915A1E}.Release|Any CPU.Build.0 = Release|Any CPU
		{DAEBBF86-8704-4EE1-8B27-6A26B1CCFB13}.Debug|Any CPU.ActiveCfg = Debug|Any CPU
		{DAEBBF86-8704-4EE1-8B27-6A26B1CCFB13}.Debug|Any CPU.Build.0 = Debug|Any CPU
		{DAEBBF86-8704-4EE1-8B27-6A26B1CCFB13}.Release|Any CPU.ActiveCfg = Release|Any CPU
		{DAEBBF86-8704-4EE1-8B27-6A26B1CCFB13}.Release|Any CPU.Build.0 = Release|Any CPU
		{ACA71539-1D2F-4DC3-81BD-67FB107C0C62}.Debug|Any CPU.ActiveCfg = Debug|Any CPU
		{ACA71539-1D2F-4DC3-81BD-67FB107C0C62}.Debug|Any CPU.Build.0 = Debug|Any CPU
		{ACA71539-1D2F-4DC3-81BD-67FB107C0C62}.Release|Any CPU.ActiveCfg = Release|Any CPU
		{ACA71539-1D2F-4DC3-81BD-67FB107C0C62}.Release|Any CPU.Build.0 = Release|Any CPU
	EndGlobalSection
	GlobalSection(SolutionProperties) = preSolution
		HideSolutionNode = FALSE
	EndGlobalSection
	GlobalSection(NestedProjects) = preSolution
		{3E143B18-1F58-4AE0-BE9E-80451C1DBDEE} = {7E2A8DFF-3847-41A7-BED0-31EAB57497D9}
		{9E286581-08F5-40D9-A0F8-7D299319D505} = {7E2A8DFF-3847-41A7-BED0-31EAB57497D9}
		{C9DD7B59-9E4B-434D-956E-D1EED8BCBC9D} = {6AF88798-98A6-4B84-8FA3-DE27D42A991E}
		{B287BCBD-AE30-474B-B2FC-20625739A4D5} = {511BCFF2-D55D-4A47-9478-A2600FA74045}
		{C08F1FAB-65B0-430B-9BE9-192B7027155D} = {6AF88798-98A6-4B84-8FA3-DE27D42A991E}
		{36122F82-CEC5-4AE2-A030-926F89714B0A} = {6AF88798-98A6-4B84-8FA3-DE27D42A991E}
		{E97096F9-17E3-40E5-811D-0EBE715D0CB7} = {6AF88798-98A6-4B84-8FA3-DE27D42A991E}
		{D743BF21-9F29-425E-8D4E-C4F3FA69D704} = {3E143B18-1F58-4AE0-BE9E-80451C1DBDEE}
		{226F1CEA-13E9-4865-AB5C-773E10287C73} = {3E143B18-1F58-4AE0-BE9E-80451C1DBDEE}
		{33F49231-8A55-4137-90C1-E6012FF1E945} = {3E143B18-1F58-4AE0-BE9E-80451C1DBDEE}
		{6FA289A7-089F-4EE0-8833-25DFAB12CEBF} = {9E286581-08F5-40D9-A0F8-7D299319D505}
		{DAEBBF86-8704-4EE1-8B27-6A26B1CCFB13} = {21630A75-106F-44D4-9815-E1FC84BF6F42}
		{ACA71539-1D2F-4DC3-81BD-67FB107C0C62} = {511BCFF2-D55D-4A47-9478-A2600FA74045}
	EndGlobalSection
	GlobalSection(ExtensibilityGlobals) = postSolution
		SolutionGuid = {0EA8BF6E-D45B-404E-8A4F-841F64347CA9}
	EndGlobalSection
EndGlobal
